
Microsoft Visual Studio Solution File, Format Version 12.00
# Visual Studio 2012
Project("{FAE04EC0-301F-11D3-BF4B-00C04F79EFBC}") = "ContentGrabber.Addon", "ContentGrabber.Addon\ContentGrabber.Addon.csproj", "{63EEB8AF-2C8C-45AD-AF91-1827184F072E}"
EndProject
Project("{FAE04EC0-301F-11D3-BF4B-00C04F79EFBC}") = "ContentGrabber.Addon.Test", "ContentGrabber.Addon.Test\ContentGrabber.Addon.Test.csproj", "{439A3BB5-674B-4D6A-AFCC-4F879B2D857E}"
EndProject
Global
	GlobalSection(SolutionConfigurationPlatforms) = preSolution
		Debug|Any CPU = Debug|Any CPU
		Release|Any CPU = Release|Any CPU
	EndGlobalSection
	GlobalSection(ProjectConfigurationPlatforms) = postSolution
		{439A3BB5-674B-4D6A-AFCC-4F879B2D857E}.Debug|Any CPU.ActiveCfg = Test|Any CPU
		{439A3BB5-674B-4D6A-AFCC-4F879B2D857E}.Debug|Any CPU.Build.0 = Test|Any CPU
		{439A3BB5-674B-4D6A-AFCC-4F879B2D857E}.Release|Any CPU.ActiveCfg = Test|Any CPU
		{439A3BB5-674B-4D6A-AFCC-4F879B2D857E}.Release|Any CPU.Build.0 = Test|Any CPU
		{63EEB8AF-2C8C-45AD-AF91-1827184F072E}.Debug|Any CPU.ActiveCfg = Debug|Any CPU
		{63EEB8AF-2C8C-45AD-AF91-1827184F072E}.Debug|Any CPU.Build.0 = Debug|Any CPU
		{63EEB8AF-2C8C-45AD-AF91-1827184F072E}.Release|Any CPU.ActiveCfg = Release|Any CPU
		{63EEB8AF-2C8C-45AD-AF91-1827184F072E}.Release|Any CPU.Build.0 = Release|Any CPU
	EndGlobalSection
EndGlobal
